
Microsoft Visual Studio Solution File, Format Version 12.00
Project("{FAE04EC0-301F-11D3-BF4B-00C04F79EFBC}") = "WebShop", "WebShop\WebShop.csproj", "{80FFEBB1-EB5C-4F06-AEE4-31125723D188}"
EndProject
Project("{FAE04EC0-301F-11D3-BF4B-00C04F79EFBC}") = "WebShop.Api", "WebShop.Api\WebShop.Api.csproj", "{1C09F225-8C06-4F8E-B181-A0705CE24C79}"
EndProject
Project("{FAE04EC0-301F-11D3-BF4B-00C04F79EFBC}") = "WebShop.IdentityServer", "WebShop.IdentityServer\WebShop.IdentityServer.csproj", "{A56AA373-8D2D-47B7-9880-6BA9FE52F33A}"
EndProject
Project("{FAE04EC0-301F-11D3-BF4B-00C04F79EFBC}") = "MvcClient", "MvcClient\MvcClient.csproj", "{A90D489B-87FB-46BE-B4B6-A7F13DDF022A}"
EndProject
Global
	GlobalSection(SolutionConfigurationPlatforms) = preSolution
		Debug|Any CPU = Debug|Any CPU
		Release|Any CPU = Release|Any CPU
	EndGlobalSection
	GlobalSection(ProjectConfigurationPlatforms) = postSolution
		{80FFEBB1-EB5C-4F06-AEE4-31125723D188}.Debug|Any CPU.ActiveCfg = Debug|Any CPU
		{80FFEBB1-EB5C-4F06-AEE4-31125723D188}.Debug|Any CPU.Build.0 = Debug|Any CPU
		{80FFEBB1-EB5C-4F06-AEE4-31125723D188}.Release|Any CPU.ActiveCfg = Release|Any CPU
		{80FFEBB1-EB5C-4F06-AEE4-31125723D188}.Release|Any CPU.Build.0 = Release|Any CPU
		{1C09F225-8C06-4F8E-B181-A0705CE24C79}.Debug|Any CPU.ActiveCfg = Debug|Any CPU
		{1C09F225-8C06-4F8E-B181-A0705CE24C79}.Debug|Any CPU.Build.0 = Debug|Any CPU
		{1C09F225-8C06-4F8E-B181-A0705CE24C79}.Release|Any CPU.ActiveCfg = Release|Any CPU
		{1C09F225-8C06-4F8E-B181-A0705CE24C79}.Release|Any CPU.Build.0 = Release|Any CPU
		{A56AA373-8D2D-47B7-9880-6BA9FE52F33A}.Debug|Any CPU.ActiveCfg = Debug|Any CPU
		{A56AA373-8D2D-47B7-9880-6BA9FE52F33A}.Debug|Any CPU.Build.0 = Debug|Any CPU
		{A56AA373-8D2D-47B7-9880-6BA9FE52F33A}.Release|Any CPU.ActiveCfg = Release|Any CPU
		{A56AA373-8D2D-47B7-9880-6BA9FE52F33A}.Release|Any CPU.Build.0 = Release|Any CPU
		{A90D489B-87FB-46BE-B4B6-A7F13DDF022A}.Debug|Any CPU.ActiveCfg = Debug|Any CPU
		{A90D489B-87FB-46BE-B4B6-A7F13DDF022A}.Debug|Any CPU.Build.0 = Debug|Any CPU
		{A90D489B-87FB-46BE-B4B6-A7F13DDF022A}.Release|Any CPU.ActiveCfg = Release|Any CPU
		{A90D489B-87FB-46BE-B4B6-A7F13DDF022A}.Release|Any CPU.Build.0 = Release|Any CPU
	EndGlobalSection
EndGlobal
